
Microsoft Visual Studio Solution File, Format Version 12.00
# Visual Studio Version 16
VisualStudioVersion = 16.0.29418.71
MinimumVisualStudioVersion = 10.0.40219.1
Project("{FAE04EC0-301F-11D3-BF4B-00C04F79EFBC}") = "MadbestillingJeudan", "MadbestillingJeudan\MadbestillingJeudan.csproj", "{B66DA18B-BA1F-46B6-9B24-430C03E90FDB}"
EndProject
Global
	GlobalSection(SolutionConfigurationPlatforms) = preSolution
		Debug|Any CPU = Debug|Any CPU
		Release|Any CPU = Release|Any CPU
	EndGlobalSection
	GlobalSection(ProjectConfigurationPlatforms) = postSolution
		{B66DA18B-BA1F-46B6-9B24-430C03E90FDB}.Debug|Any CPU.ActiveCfg = Debug|Any CPU
		{B66DA18B-BA1F-46B6-9B24-430C03E90FDB}.Debug|Any CPU.Build.0 = Debug|Any CPU
		{B66DA18B-BA1F-46B6-9B24-430C03E90FDB}.Release|Any CPU.ActiveCfg = Release|Any CPU
		{B66DA18B-BA1F-46B6-9B24-430C03E90FDB}.Release|Any CPU.Build.0 = Release|Any CPU
	EndGlobalSection
	GlobalSection(SolutionProperties) = preSolution
		HideSolutionNode = FALSE
	EndGlobalSection
	GlobalSection(ExtensibilityGlobals) = postSolution
		SolutionGuid = {0B3A5A79-8AC9-4AE4-AB22-DCC6696421A8}
	EndGlobalSection
EndGlobal
